// !$*UTF8*$!
{
	archiveVersion = 1;
	classes = {
	};
	objectVersion = 46;
	objects = {

/* Begin PBXFileReference section */
		746D78E114ED9A8400CC738F /* Makefile */ = {isa = PBXFileReference; explicitFileType = sourcecode.make; fileEncoding = 4; path = Makefile; sourceTree = "<group>"; };
		9CA441E32A2CFB3600259966 /* Sound.h */ = {isa = PBXFileReference; fileEncoding = 4; lastKnownFileType = sourcecode.c.h; path = Sound.h; sourceTree = "<group>"; };
		9CA441E62A2CFB3600259966 /* Gui.c */ = {isa = PBXFileReference; fileEncoding = 4; lastKnownFileType = sourcecode.c.c; path = Gui.c; sourceTree = "<group>"; };
		9CA441E72A2CFB3600259966 /* machine.s */ = {isa = PBXFileReference; fileEncoding = 4; lastKnownFileType = sourcecode.asm; path = machine.s; sourceTree = "<group>"; };
		9CA441EC2A2CFB3600259966 /* EmubaseAC.h */ = {isa = PBXFileReference; fileEncoding = 4; lastKnownFileType = sourcecode.c.h; path = EmubaseAC.h; sourceTree = "<group>"; };
		9CA441ED2A2CFB3600259966 /* EmuMenu.h */ = {isa = PBXFileReference; fileEncoding = 4; lastKnownFileType = sourcecode.c.h; path = EmuMenu.h; sourceTree = "<group>"; };
		9CA441EE2A2CFB3600259966 /* FileHelper.c */ = {isa = PBXFileReference; fileEncoding = 4; lastKnownFileType = sourcecode.c.c; path = FileHelper.c; sourceTree = "<group>"; };
		9CA441F02A2CFB3600259966 /* unzipnds.c */ = {isa = PBXFileReference; fileEncoding = 4; lastKnownFileType = sourcecode.c.c; path = unzipnds.c; sourceTree = "<group>"; };
		9CA441F12A2CFB3600259966 /* puff.h */ = {isa = PBXFileReference; fileEncoding = 4; lastKnownFileType = sourcecode.c.h; path = puff.h; sourceTree = "<group>"; };
		9CA441F22A2CFB3600259966 /* README.md */ = {isa = PBXFileReference; fileEncoding = 4; lastKnownFileType = net.daringfireball.markdown; path = README.md; sourceTree = "<group>"; };
		9CA441F32A2CFB3600259966 /* unzipnds.h */ = {isa = PBXFileReference; fileEncoding = 4; lastKnownFileType = sourcecode.c.h; path = unzipnds.h; sourceTree = "<group>"; };
		9CA441F42A2CFB3600259966 /* puff.c */ = {isa = PBXFileReference; fileEncoding = 4; lastKnownFileType = sourcecode.c.c; path = puff.c; sourceTree = "<group>"; };
		9CA441F52A2CFB3600259966 /* nds_asm.h */ = {isa = PBXFileReference; fileEncoding = 4; lastKnownFileType = sourcecode.c.h; path = nds_asm.h; sourceTree = "<group>"; };
		9CA441F72A2CFB3600259966 /* crc32.c */ = {isa = PBXFileReference; fileEncoding = 4; lastKnownFileType = sourcecode.c.c; path = crc32.c; sourceTree = "<group>"; };
		9CA441F82A2CFB3600259966 /* README.md */ = {isa = PBXFileReference; fileEncoding = 4; lastKnownFileType = net.daringfireball.markdown; path = README.md; sourceTree = "<group>"; };
		9CA441F92A2CFB3600259966 /* AsmExtra.s */ = {isa = PBXFileReference; fileEncoding = 4; lastKnownFileType = sourcecode.asm; path = AsmExtra.s; sourceTree = "<group>"; };
		9CA441FA2A2CFB3600259966 /* EmuSettings.h */ = {isa = PBXFileReference; fileEncoding = 4; lastKnownFileType = sourcecode.c.h; path = EmuSettings.h; sourceTree = "<group>"; };
		9CA441FC2A2CFB3600259966 /* AsmExtra.h */ = {isa = PBXFileReference; fileEncoding = 4; lastKnownFileType = sourcecode.c.h; path = AsmExtra.h; sourceTree = "<group>"; };
		9CA441FF2A2CFB3600259966 /* EmuFont.grit */ = {isa = PBXFileReference; fileEncoding = 4; lastKnownFileType = text; path = EmuFont.grit; sourceTree = "<group>"; };
		9CA442002A2CFB3600259966 /* EmuFont.png */ = {isa = PBXFileReference; lastKnownFileType = image.png; path = EmuFont.png; sourceTree = "<group>"; };
		9CA442012A2CFB3600259966 /* FileHelper.h */ = {isa = PBXFileReference; fileEncoding = 4; lastKnownFileType = sourcecode.c.h; path = FileHelper.h; sourceTree = "<group>"; };
		9CA442022A2CFB3600259966 /* EmuMenu.c */ = {isa = PBXFileReference; fileEncoding = 4; lastKnownFileType = sourcecode.c.c; path = EmuMenu.c; sourceTree = "<group>"; };
		9CA442032A2CFB3600259966 /* crc32.h */ = {isa = PBXFileReference; fileEncoding = 4; lastKnownFileType = sourcecode.c.h; path = crc32.h; sourceTree = "<group>"; };
		9CA442042A2CFB3600259966 /* Gui.h */ = {isa = PBXFileReference; fileEncoding = 4; lastKnownFileType = sourcecode.c.h; path = Gui.h; sourceTree = "<group>"; };
		9CA442062A2CFB3600259966 /* Gfx.s */ = {isa = PBXFileReference; fileEncoding = 4; lastKnownFileType = sourcecode.asm; path = Gfx.s; sourceTree = "<group>"; };
		9CA442072A2CFB3600259966 /* Main.c */ = {isa = PBXFileReference; fileEncoding = 4; lastKnownFileType = sourcecode.c.c; path = Main.c; sourceTree = "<group>"; };
		9CA4420B2A2CFB3600259966 /* Gfx.h */ = {isa = PBXFileReference; fileEncoding = 4; lastKnownFileType = sourcecode.c.h; path = Gfx.h; sourceTree = "<group>"; };
		9CA4420C2A2CFB3600259966 /* cpu.s */ = {isa = PBXFileReference; fileEncoding = 4; lastKnownFileType = sourcecode.asm; path = cpu.s; sourceTree = "<group>"; };
		9CA4420D2A2CFB3600259966 /* io.s */ = {isa = PBXFileReference; fileEncoding = 4; lastKnownFileType = sourcecode.asm; path = io.s; sourceTree = "<group>"; };
		9CA4420E2A2CFB3600259966 /* memory.s */ = {isa = PBXFileReference; fileEncoding = 4; lastKnownFileType = sourcecode.asm; path = memory.s; sourceTree = "<group>"; };
		9CA4420F2A2CFB3600259966 /* memory.h */ = {isa = PBXFileReference; fileEncoding = 4; lastKnownFileType = sourcecode.c.h; path = memory.h; sourceTree = "<group>"; };
		9CA442102A2CFB3600259966 /* cia_tod.s */ = {isa = PBXFileReference; fileEncoding = 4; lastKnownFileType = sourcecode.asm; path = cia_tod.s; sourceTree = "<group>"; };
		9CA442112A2CFB3600259966 /* cia_tod.h */ = {isa = PBXFileReference; fileEncoding = 4; lastKnownFileType = sourcecode.c.h; path = cia_tod.h; sourceTree = "<group>"; };
		9CA442142A2CFB3600259966 /* equates.h */ = {isa = PBXFileReference; fileEncoding = 4; lastKnownFileType = sourcecode.c.h; path = equates.h; sourceTree = "<group>"; };
		9CA442162A2CFB4F00259966 /* C64Keyboard.grit */ = {isa = PBXFileReference; fileEncoding = 4; lastKnownFileType = text; path = C64Keyboard.grit; sourceTree = "<group>"; };
		9CA442172A2CFB4F00259966 /* C64Keyboard.png */ = {isa = PBXFileReference; lastKnownFileType = image.png; path = C64Keyboard.png; sourceTree = "<group>"; };
		9CA442182A2CFB6200259966 /* README.md */ = {isa = PBXFileReference; fileEncoding = 4; lastKnownFileType = net.daringfireball.markdown; path = README.md; sourceTree = "<group>"; };
		9CA442192A2CFB6300259966 /* C64DS_todo.txt */ = {isa = PBXFileReference; fileEncoding = 4; lastKnownFileType = text; path = C64DS_todo.txt; sourceTree = "<group>"; };
		9CA4421A2A2CFB6300259966 /* History.txt */ = {isa = PBXFileReference; fileEncoding = 4; lastKnownFileType = text; path = History.txt; sourceTree = "<group>"; };
		9CA442202A2D00DA00259966 /* Version.h */ = {isa = PBXFileReference; fileEncoding = 4; lastKnownFileType = sourcecode.c.h; path = Version.h; sourceTree = "<group>"; };
		9CA442212A2D00DA00259966 /* ARM6502_todo.txt */ = {isa = PBXFileReference; fileEncoding = 4; lastKnownFileType = text; path = ARM6502_todo.txt; sourceTree = "<group>"; };
		9CA442222A2D00DA00259966 /* README.md */ = {isa = PBXFileReference; fileEncoding = 4; lastKnownFileType = net.daringfireball.markdown; path = README.md; sourceTree = "<group>"; };
		9CA442232A2D00DA00259966 /* M6502.s */ = {isa = PBXFileReference; fileEncoding = 4; lastKnownFileType = sourcecode.asm; path = M6502.s; sourceTree = "<group>"; };
		9CA442242A2D00DA00259966 /* M6502.h */ = {isa = PBXFileReference; fileEncoding = 4; lastKnownFileType = sourcecode.c.h; path = M6502.h; sourceTree = "<group>"; };
		9CA442252A2D00DA00259966 /* M6502.i */ = {isa = PBXFileReference; fileEncoding = 4; lastKnownFileType = sourcecode.c.c.preprocessed; path = M6502.i; sourceTree = "<group>"; };
		9CA442262A2D00DA00259966 /* History.txt */ = {isa = PBXFileReference; fileEncoding = 4; lastKnownFileType = text; path = History.txt; sourceTree = "<group>"; };
		9CA442272A2D00DA00259966 /* M6502mac.h */ = {isa = PBXFileReference; fileEncoding = 4; lastKnownFileType = sourcecode.c.h; path = M6502mac.h; sourceTree = "<group>"; };
		9CA442282A2D11A300259966 /* Main.h */ = {isa = PBXFileReference; fileEncoding = 4; lastKnownFileType = sourcecode.c.h; path = Main.h; sourceTree = "<group>"; };
		9CA442292A2D1D9C00259966 /* FileHandling.c */ = {isa = PBXFileReference; fileEncoding = 4; lastKnownFileType = sourcecode.c.c; path = FileHandling.c; sourceTree = "<group>"; };
		9CA4422A2A2D1D9C00259966 /* FileHandling.h */ = {isa = PBXFileReference; fileEncoding = 4; lastKnownFileType = sourcecode.c.h; path = FileHandling.h; sourceTree = "<group>"; };
		9CA4422B2A2D1E1700259966 /* Emubase.h */ = {isa = PBXFileReference; fileEncoding = 4; lastKnownFileType = sourcecode.c.h; path = Emubase.h; sourceTree = "<group>"; };
		9CA4422C2A2D20F400259966 /* Sound.s */ = {isa = PBXFileReference; fileEncoding = 4; lastKnownFileType = sourcecode.asm; path = Sound.s; sourceTree = "<group>"; };
		9CA4422D2A2D23A800259966 /* cpu.h */ = {isa = PBXFileReference; fileEncoding = 4; lastKnownFileType = sourcecode.c.h; path = cpu.h; sourceTree = "<group>"; };
		9CA4422E2A2DE63000259966 /* io.h */ = {isa = PBXFileReference; fileEncoding = 4; lastKnownFileType = sourcecode.c.h; path = io.h; sourceTree = "<group>"; };
		9CA442302A2E1AE000259966 /* Version.h */ = {isa = PBXFileReference; fileEncoding = 4; lastKnownFileType = sourcecode.c.h; path = Version.h; sourceTree = "<group>"; };
		9CA442312A2E1AE000259966 /* ARM6581.i */ = {isa = PBXFileReference; fileEncoding = 4; lastKnownFileType = sourcecode.c.c.preprocessed; path = ARM6581.i; sourceTree = "<group>"; };
		9CA442322A2E1AE000259966 /* ARM6581.s */ = {isa = PBXFileReference; fileEncoding = 4; lastKnownFileType = sourcecode.asm; path = ARM6581.s; sourceTree = "<group>"; };
		9CA442332A2E1AE000259966 /* ARM6581.h */ = {isa = PBXFileReference; fileEncoding = 4; lastKnownFileType = sourcecode.c.h; path = ARM6581.h; sourceTree = "<group>"; };
		9CA442342A2E1AE000259966 /* SID6581_todo.txt */ = {isa = PBXFileReference; fileEncoding = 4; lastKnownFileType = text; path = SID6581_todo.txt; sourceTree = "<group>"; };
		9CA442352A2E1AE000259966 /* README.md */ = {isa = PBXFileReference; fileEncoding = 4; lastKnownFileType = net.daringfireball.markdown; path = README.md; sourceTree = "<group>"; };
		9CA442362A2E1AE000259966 /* History.txt */ = {isa = PBXFileReference; fileEncoding = 4; lastKnownFileType = text; path = History.txt; sourceTree = "<group>"; };
		9CA442382A34756E00259966 /* README.md */ = {isa = PBXFileReference; fileEncoding = 4; lastKnownFileType = net.daringfireball.markdown; path = README.md; sourceTree = "<group>"; };
		9CA442392A3475AC00259966 /* ARM6526.s */ = {isa = PBXFileReference; fileEncoding = 4; lastKnownFileType = sourcecode.asm; path = ARM6526.s; sourceTree = "<group>"; };
		9CA4423A2A3475AC00259966 /* ARM6526.h */ = {isa = PBXFileReference; fileEncoding = 4; lastKnownFileType = sourcecode.c.h; path = ARM6526.h; sourceTree = "<group>"; };
		9CA4423B2A3475AC00259966 /* Version.h */ = {isa = PBXFileReference; fileEncoding = 4; lastKnownFileType = sourcecode.c.h; path = Version.h; sourceTree = "<group>"; };
		9CA4423C2A3475AC00259966 /* ARM6526.i */ = {isa = PBXFileReference; fileEncoding = 4; lastKnownFileType = sourcecode.c.c.preprocessed; path = ARM6526.i; sourceTree = "<group>"; };
		9CA4423D2A3475AC00259966 /* History.txt */ = {isa = PBXFileReference; fileEncoding = 4; lastKnownFileType = text; path = History.txt; sourceTree = "<group>"; };
		9CA4423E2A3475AC00259966 /* CIA6526_todo.txt */ = {isa = PBXFileReference; fileEncoding = 4; lastKnownFileType = text; path = CIA6526_todo.txt; sourceTree = "<group>"; };
/* End PBXFileReference section */

/* Begin PBXGroup section */
		742141B214E7EA40003EBFD3 = {
			isa = PBXGroup;
			children = (
				9CA442192A2CFB6300259966 /* C64DS_todo.txt */,
				9CA4421A2A2CFB6300259966 /* History.txt */,
				9CA442182A2CFB6200259966 /* README.md */,
				746D78E014ED9A6D00CC738F /* makefile */,
				9CA441DF2A2CFB3600259966 /* source */,
				9CA442152A2CFB4F00259966 /* graphics */,
			);
			sourceTree = "<group>";
			usesTabs = 1;
			wrapsLines = 0;
		};
		746D78E014ED9A6D00CC738F /* makefile */ = {
			isa = PBXGroup;
			children = (
				746D78E114ED9A8400CC738F /* Makefile */,
			);
			name = makefile;
			sourceTree = "<group>";
		};
		9CA441DF2A2CFB3600259966 /* source */ = {
			isa = PBXGroup;
			children = (
				9CA4421F2A2D00DA00259966 /* ARM6502 */,
				9CA4422F2A2E1AE000259966 /* ARM6581 */,
				9CA442372A34756D00259966 /* ARM6526 */,
				9CA441EA2A2CFB3600259966 /* Shared */,
				9CA442142A2CFB3600259966 /* equates.h */,
				9CA4422B2A2D1E1700259966 /* Emubase.h */,
				9CA442282A2D11A300259966 /* Main.h */,
				9CA442072A2CFB3600259966 /* Main.c */,
				9CA442042A2CFB3600259966 /* Gui.h */,
				9CA441E62A2CFB3600259966 /* Gui.c */,
				9CA4422A2A2D1D9C00259966 /* FileHandling.h */,
				9CA442292A2D1D9C00259966 /* FileHandling.c */,
				9CA442112A2CFB3600259966 /* cia_tod.h */,
				9CA442102A2CFB3600259966 /* cia_tod.s */,
				9CA441E72A2CFB3600259966 /* machine.s */,
				9CA4422D2A2D23A800259966 /* cpu.h */,
				9CA4420C2A2CFB3600259966 /* cpu.s */,
				9CA4422E2A2DE63000259966 /* io.h */,
				9CA4420D2A2CFB3600259966 /* io.s */,
				9CA441E32A2CFB3600259966 /* Sound.h */,
				9CA4422C2A2D20F400259966 /* Sound.s */,
				9CA4420B2A2CFB3600259966 /* Gfx.h */,
				9CA442062A2CFB3600259966 /* Gfx.s */,
				9CA4420F2A2CFB3600259966 /* memory.h */,
				9CA4420E2A2CFB3600259966 /* memory.s */,
			);
			path = source;
			sourceTree = "<group>";
		};
		9CA441EA2A2CFB3600259966 /* Shared */ = {
			isa = PBXGroup;
			children = (
				9CA441FE2A2CFB3600259966 /* graphics */,
				9CA441EF2A2CFB3600259966 /* Unzip */,
				9CA441F82A2CFB3600259966 /* README.md */,
				9CA441F52A2CFB3600259966 /* nds_asm.h */,
				9CA441FA2A2CFB3600259966 /* EmuSettings.h */,
				9CA441ED2A2CFB3600259966 /* EmuMenu.h */,
				9CA442022A2CFB3600259966 /* EmuMenu.c */,
				9CA442012A2CFB3600259966 /* FileHelper.h */,
				9CA441EE2A2CFB3600259966 /* FileHelper.c */,
				9CA442032A2CFB3600259966 /* crc32.h */,
				9CA441F72A2CFB3600259966 /* crc32.c */,
				9CA441F92A2CFB3600259966 /* AsmExtra.s */,
				9CA441FC2A2CFB3600259966 /* AsmExtra.h */,
				9CA441EC2A2CFB3600259966 /* EmubaseAC.h */,
			);
			path = Shared;
			sourceTree = "<group>";
		};
		9CA441EF2A2CFB3600259966 /* Unzip */ = {
			isa = PBXGroup;
			children = (
				9CA441F02A2CFB3600259966 /* unzipnds.c */,
				9CA441F12A2CFB3600259966 /* puff.h */,
				9CA441F22A2CFB3600259966 /* README.md */,
				9CA441F32A2CFB3600259966 /* unzipnds.h */,
				9CA441F42A2CFB3600259966 /* puff.c */,
			);
			path = Unzip;
			sourceTree = "<group>";
		};
		9CA441FE2A2CFB3600259966 /* graphics */ = {
			isa = PBXGroup;
			children = (
				9CA441FF2A2CFB3600259966 /* EmuFont.grit */,
				9CA442002A2CFB3600259966 /* EmuFont.png */,
			);
			path = graphics;
			sourceTree = "<group>";
		};
		9CA442152A2CFB4F00259966 /* graphics */ = {
			isa = PBXGroup;
			children = (
				9CA442162A2CFB4F00259966 /* C64Keyboard.grit */,
				9CA442172A2CFB4F00259966 /* C64Keyboard.png */,
			);
			path = graphics;
			sourceTree = "<group>";
		};
		9CA4421F2A2D00DA00259966 /* ARM6502 */ = {
			isa = PBXGroup;
			children = (
				9CA442222A2D00DA00259966 /* README.md */,
				9CA442212A2D00DA00259966 /* ARM6502_todo.txt */,
				9CA442262A2D00DA00259966 /* History.txt */,
				9CA442202A2D00DA00259966 /* Version.h */,
				9CA442242A2D00DA00259966 /* M6502.h */,
				9CA442272A2D00DA00259966 /* M6502mac.h */,
				9CA442252A2D00DA00259966 /* M6502.i */,
				9CA442232A2D00DA00259966 /* M6502.s */,
			);
			path = ARM6502;
			sourceTree = "<group>";
		};
		9CA4422F2A2E1AE000259966 /* ARM6581 */ = {
			isa = PBXGroup;
			children = (
				9CA442352A2E1AE000259966 /* README.md */,
				9CA442342A2E1AE000259966 /* SID6581_todo.txt */,
				9CA442362A2E1AE000259966 /* History.txt */,
				9CA442302A2E1AE000259966 /* Version.h */,
				9CA442332A2E1AE000259966 /* ARM6581.h */,
				9CA442312A2E1AE000259966 /* ARM6581.i */,
				9CA442322A2E1AE000259966 /* ARM6581.s */,
			);
			path = ARM6581;
			sourceTree = "<group>";
		};
		9CA442372A34756D00259966 /* ARM6526 */ = {
			isa = PBXGroup;
			children = (
				9CA442382A34756E00259966 /* README.md */,
				9CA4423E2A3475AC00259966 /* CIA6526_todo.txt */,
				9CA4423D2A3475AC00259966 /* History.txt */,
				9CA4423B2A3475AC00259966 /* Version.h */,
				9CA4423A2A3475AC00259966 /* ARM6526.h */,
				9CA4423C2A3475AC00259966 /* ARM6526.i */,
				9CA442392A3475AC00259966 /* ARM6526.s */,
			);
			path = ARM6526;
			sourceTree = "<group>";
		};
/* End PBXGroup section */

/* Begin PBXLegacyTarget section */
		A45BB8C91618FB840009569D /* C64DS */ = {
			isa = PBXLegacyTarget;
			buildArgumentsString = "$(ACTION)";
			buildConfigurationList = A45BB8CC1618FB840009569D /* Build configuration list for PBXLegacyTarget "C64DS" */;
			buildPhases = (
			);
			buildToolPath = /usr/bin/make;
			buildWorkingDirectory = "";
			dependencies = (
			);
			name = C64DS;
			passBuildSettingsInEnvironment = 1;
			productName = NitroGrafx;
		};
/* End PBXLegacyTarget section */

/* Begin PBXProject section */
		742141B414E7EA40003EBFD3 /* Project object */ = {
			isa = PBXProject;
			attributes = {
				LastUpgradeCheck = 0410;
			};
			buildConfigurationList = 742141B714E7EA40003EBFD3 /* Build configuration list for PBXProject "C64DS" */;
			compatibilityVersion = "Xcode 3.2";
			developmentRegion = en;
			hasScannedForEncodings = 0;
			knownRegions = (
				en,
				Base,
			);
			mainGroup = 742141B214E7EA40003EBFD3;
			projectDirPath = "";
			projectRoot = "";
			targets = (
				A45BB8C91618FB840009569D /* C64DS */,
			);
		};
/* End PBXProject section */

/* Begin XCBuildConfiguration section */
		742141B514E7EA40003EBFD3 /* Debug */ = {
			isa = XCBuildConfiguration;
			buildSettings = {
			};
			name = Debug;
		};
		742141B614E7EA40003EBFD3 /* Release */ = {
			isa = XCBuildConfiguration;
			buildSettings = {
			};
			name = Release;
		};
		A45BB8CA1618FB840009569D /* Debug */ = {
			isa = XCBuildConfiguration;
			buildSettings = {
				DEVKITARM = $DEVKITPRO/devkitarm;
				DEVKITPRO = /opt/devkitpro;
				PRODUCT_NAME = C64DS;
			};
			name = Debug;
		};
		A45BB8CB1618FB840009569D /* Release */ = {
			isa = XCBuildConfiguration;
			buildSettings = {
				DEVKITARM = $DEVKITPRO/devkitarm;
				DEVKITPRO = /opt/devkitpro;
				PRODUCT_NAME = C64DS;
			};
			name = Release;
		};
/* End XCBuildConfiguration section */

/* Begin XCConfigurationList section */
		742141B714E7EA40003EBFD3 /* Build configuration list for PBXProject "C64DS" */ = {
			isa = XCConfigurationList;
			buildConfigurations = (
				742141B514E7EA40003EBFD3 /* Debug */,
				742141B614E7EA40003EBFD3 /* Release */,
			);
			defaultConfigurationIsVisible = 0;
			defaultConfigurationName = Release;
		};
		A45BB8CC1618FB840009569D /* Build configuration list for PBXLegacyTarget "C64DS" */ = {
			isa = XCConfigurationList;
			buildConfigurations = (
				A45BB8CA1618FB840009569D /* Debug */,
				A45BB8CB1618FB840009569D /* Release */,
			);
			defaultConfigurationIsVisible = 0;
			defaultConfigurationName = Release;
		};
/* End XCConfigurationList section */
	};
	rootObject = 742141B414E7EA40003EBFD3 /* Project object */;
}
